
Microsoft Visual Studio Solution File, Format Version 12.00
# Visual Studio Version 16
VisualStudioVersion = 16.0.30002.166
MinimumVisualStudioVersion = 10.0.40219.1
Project("{9A19103F-16F7-4668-BE54-9A1E7A4F7556}") = "CicekSepeti.Api", "CicekSepeti.Api\CicekSepeti.Api.csproj", "{7780FF15-7F97-4006-B238-FC664C148FB8}"
EndProject
Project("{9A19103F-16F7-4668-BE54-9A1E7A4F7556}") = "CicekSepeti.Data", "CicekSepeti.Data\CicekSepeti.Data.csproj", "{C9F994AD-7B30-4333-A6D5-2FBC38AB3F82}"
EndProject
Project("{9A19103F-16F7-4668-BE54-9A1E7A4F7556}") = "CicekSepeti.Entities", "CicekSepeti.Entities\CicekSepeti.Entities.csproj", "{0AD66C3A-80C7-45A3-A12D-A5691CD35101}"
EndProject
Project("{9A19103F-16F7-4668-BE54-9A1E7A4F7556}") = "CicekSepeti.Business", "CicekSepeti.Business\CicekSepeti.Business.csproj", "{83A7BC49-04EC-4280-9192-85DFFED9C44F}"
EndProject
Project("{9A19103F-16F7-4668-BE54-9A1E7A4F7556}") = "CicekSepeti.UnitTests", "CicekSepeti.UnitTests\CicekSepeti.UnitTests.csproj", "{C9108F3E-72F2-4698-8698-DE28717BF6F8}"
EndProject
Global
	GlobalSection(SolutionConfigurationPlatforms) = preSolution
		Debug|Any CPU = Debug|Any CPU
		Release|Any CPU = Release|Any CPU
	EndGlobalSection
	GlobalSection(ProjectConfigurationPlatforms) = postSolution
		{7780FF15-7F97-4006-B238-FC664C148FB8}.Debug|Any CPU.ActiveCfg = Debug|Any CPU
		{7780FF15-7F97-4006-B238-FC664C148FB8}.Debug|Any CPU.Build.0 = Debug|Any CPU
		{7780FF15-7F97-4006-B238-FC664C148FB8}.Release|Any CPU.ActiveCfg = Release|Any CPU
		{7780FF15-7F97-4006-B238-FC664C148FB8}.Release|Any CPU.Build.0 = Release|Any CPU
		{C9F994AD-7B30-4333-A6D5-2FBC38AB3F82}.Debug|Any CPU.ActiveCfg = Debug|Any CPU
		{C9F994AD-7B30-4333-A6D5-2FBC38AB3F82}.Debug|Any CPU.Build.0 = Debug|Any CPU
		{C9F994AD-7B30-4333-A6D5-2FBC38AB3F82}.Release|Any CPU.ActiveCfg = Release|Any CPU
		{C9F994AD-7B30-4333-A6D5-2FBC38AB3F82}.Release|Any CPU.Build.0 = Release|Any CPU
		{0AD66C3A-80C7-45A3-A12D-A5691CD35101}.Debug|Any CPU.ActiveCfg = Debug|Any CPU
		{0AD66C3A-80C7-45A3-A12D-A5691CD35101}.Debug|Any CPU.Build.0 = Debug|Any CPU
		{0AD66C3A-80C7-45A3-A12D-A5691CD35101}.Release|Any CPU.ActiveCfg = Release|Any CPU
		{0AD66C3A-80C7-45A3-A12D-A5691CD35101}.Release|Any CPU.Build.0 = Release|Any CPU
		{83A7BC49-04EC-4280-9192-85DFFED9C44F}.Debug|Any CPU.ActiveCfg = Debug|Any CPU
		{83A7BC49-04EC-4280-9192-85DFFED9C44F}.Debug|Any CPU.Build.0 = Debug|Any CPU
		{83A7BC49-04EC-4280-9192-85DFFED9C44F}.Release|Any CPU.ActiveCfg = Release|Any CPU
		{83A7BC49-04EC-4280-9192-85DFFED9C44F}.Release|Any CPU.Build.0 = Release|Any CPU
		{C9108F3E-72F2-4698-8698-DE28717BF6F8}.Debug|Any CPU.ActiveCfg = Debug|Any CPU
		{C9108F3E-72F2-4698-8698-DE28717BF6F8}.Debug|Any CPU.Build.0 = Debug|Any CPU
		{C9108F3E-72F2-4698-8698-DE28717BF6F8}.Release|Any CPU.ActiveCfg = Release|Any CPU
		{C9108F3E-72F2-4698-8698-DE28717BF6F8}.Release|Any CPU.Build.0 = Release|Any CPU
	EndGlobalSection
	GlobalSection(SolutionProperties) = preSolution
		HideSolutionNode = FALSE
	EndGlobalSection
	GlobalSection(ExtensibilityGlobals) = postSolution
		SolutionGuid = {23C0A62C-CB68-4A55-BA67-39CFC94D1192}
	EndGlobalSection
EndGlobal
